PODS:
  - Alamofire (5.9.1)
  - SDWebImage (5.19.7):
    - SDWebImage/Core (= 5.19.7)
  - SDWebImage/Core (5.19.7)
  - SWXMLHash (7.0.2)

DEPENDENCIES:
  - Alamofire
  - SDWebImage
  - SWXMLHash

SPEC REPOS:
  trunk:
    - Alamofire
    - SDWebImage
    - SWXMLHash

SPEC CHECKSUMS:
  Alamofire: f36a35757af4587d8e4f4bfa223ad10be2422b8c
  SDWebImage: 8a6b7b160b4d710e2a22b6900e25301075c34cb3
  SWXMLHash: dd733a457e9c4fe93b1538654057aefae4acb382

PODFILE CHECKSUM: 5b65e9adea3dfb785a0f8c2ede9272c58b308637

COCOAPODS: 1.15.2
